
Microsoft Visual Studio Solution File, Format Version 12.00
# Visual Studio Version 17
VisualStudioVersion = 17.11.35303.130
MinimumVisualStudioVersion = 10.0.40219.1
Project("{8BC9CEB8-8B4A-11D0-8D11-00A0C91BC942}") = "October1_2024-FinishingTopic1c, really", "October1_2024-COSC2436\October1_2024-COSC2436.vcxproj", "{9C4607B2-8E3B-487B-AECC-CDE39030D1C0}"
EndProject
Project("{8BC9CEB8-8B4A-11D0-8D11-00A0C91BC942}") = "NaiveNQueens", "NaiveNQueens\NaiveNQueens.vcxproj", "{F24839AE-8C77-4A89-9585-31644C7FD43F}"
EndProject
Project("{8BC9CEB8-8B4A-11D0-8D11-00A0C91BC942}") = "Beginning topic 2", "Beginning topic 2\Beginning topic 2.vcxproj", "{75B966A8-1E83-4195-BFE5-63AD70CF269C}"
EndProject
Project("{8BC9CEB8-8B4A-11D0-8D11-00A0C91BC942}") = "Our own static and dynamic array classes", "Topic2-pt2-writing our OWN static and dynamic array classes (data structures)\Topic2-pt2-writing our OWN static and dynamic array classes (data structures).vcxproj", "{0C0DA34E-89EA-4FA2-B588-53B1245FCC2D}"
EndProject
Project("{8BC9CEB8-8B4A-11D0-8D11-00A0C91BC942}") = "October10", "October10\October10.vcxproj", "{508D5B93-47DB-486C-9E05-5938BA99078B}"
EndProject
Project("{8BC9CEB8-8B4A-11D0-8D11-00A0C91BC942}") = "October15-a reminder of how new and delete work", "October15-Demoing my implementation of dynamic array\October15-Demoing my implementation of dynamic array.vcxproj", "{D6276EC7-2ACA-47A3-89E6-A162802D8D15}"
EndProject
Project("{8BC9CEB8-8B4A-11D0-8D11-00A0C91BC942}") = "October15-My implementation of dynamic array - demo", "October15-My implementation of dynamic array\October15-My implementation of dynamic array.vcxproj", "{FDD44AE9-3EF2-46CC-8FD9-24D9A84638EE}"
EndProject
Global
	GlobalSection(SolutionConfigurationPlatforms) = preSolution
		Debug|x64 = Debug|x64
		Debug|x86 = Debug|x86
		Release|x64 = Release|x64
		Release|x86 = Release|x86
	EndGlobalSection
	GlobalSection(ProjectConfigurationPlatforms) = postSolution
		{9C4607B2-8E3B-487B-AECC-CDE39030D1C0}.Debug|x64.ActiveCfg = Debug|x64
		{9C4607B2-8E3B-487B-AECC-CDE39030D1C0}.Debug|x64.Build.0 = Debug|x64
		{9C4607B2-8E3B-487B-AECC-CDE39030D1C0}.Debug|x86.ActiveCfg = Debug|Win32
		{9C4607B2-8E3B-487B-AECC-CDE39030D1C0}.Debug|x86.Build.0 = Debug|Win32
		{9C4607B2-8E3B-487B-AECC-CDE39030D1C0}.Release|x64.ActiveCfg = Release|x64
		{9C4607B2-8E3B-487B-AECC-CDE39030D1C0}.Release|x64.Build.0 = Release|x64
		{9C4607B2-8E3B-487B-AECC-CDE39030D1C0}.Release|x86.ActiveCfg = Release|Win32
		{9C4607B2-8E3B-487B-AECC-CDE39030D1C0}.Release|x86.Build.0 = Release|Win32
		{F24839AE-8C77-4A89-9585-31644C7FD43F}.Debug|x64.ActiveCfg = Debug|x64
		{F24839AE-8C77-4A89-9585-31644C7FD43F}.Debug|x64.Build.0 = Debug|x64
		{F24839AE-8C77-4A89-9585-31644C7FD43F}.Debug|x86.ActiveCfg = Debug|Win32
		{F24839AE-8C77-4A89-9585-31644C7FD43F}.Debug|x86.Build.0 = Debug|Win32
		{F24839AE-8C77-4A89-9585-31644C7FD43F}.Release|x64.ActiveCfg = Release|x64
		{F24839AE-8C77-4A89-9585-31644C7FD43F}.Release|x64.Build.0 = Release|x64
		{F24839AE-8C77-4A89-9585-31644C7FD43F}.Release|x86.ActiveCfg = Release|Win32
		{F24839AE-8C77-4A89-9585-31644C7FD43F}.Release|x86.Build.0 = Release|Win32
		{75B966A8-1E83-4195-BFE5-63AD70CF269C}.Debug|x64.ActiveCfg = Debug|x64
		{75B966A8-1E83-4195-BFE5-63AD70CF269C}.Debug|x64.Build.0 = Debug|x64
		{75B966A8-1E83-4195-BFE5-63AD70CF269C}.Debug|x86.ActiveCfg = Debug|Win32
		{75B966A8-1E83-4195-BFE5-63AD70CF269C}.Debug|x86.Build.0 = Debug|Win32
		{75B966A8-1E83-4195-BFE5-63AD70CF269C}.Release|x64.ActiveCfg = Release|x64
		{75B966A8-1E83-4195-BFE5-63AD70CF269C}.Release|x64.Build.0 = Release|x64
		{75B966A8-1E83-4195-BFE5-63AD70CF269C}.Release|x86.ActiveCfg = Release|Win32
		{75B966A8-1E83-4195-BFE5-63AD70CF269C}.Release|x86.Build.0 = Release|Win32
		{0C0DA34E-89EA-4FA2-B588-53B1245FCC2D}.Debug|x64.ActiveCfg = Debug|x64
		{0C0DA34E-89EA-4FA2-B588-53B1245FCC2D}.Debug|x64.Build.0 = Debug|x64
		{0C0DA34E-89EA-4FA2-B588-53B1245FCC2D}.Debug|x86.ActiveCfg = Debug|Win32
		{0C0DA34E-89EA-4FA2-B588-53B1245FCC2D}.Debug|x86.Build.0 = Debug|Win32
		{0C0DA34E-89EA-4FA2-B588-53B1245FCC2D}.Release|x64.ActiveCfg = Release|x64
		{0C0DA34E-89EA-4FA2-B588-53B1245FCC2D}.Release|x64.Build.0 = Release|x64
		{0C0DA34E-89EA-4FA2-B588-53B1245FCC2D}.Release|x86.ActiveCfg = Release|Win32
		{0C0DA34E-89EA-4FA2-B588-53B1245FCC2D}.Release|x86.Build.0 = Release|Win32
		{508D5B93-47DB-486C-9E05-5938BA99078B}.Debug|x64.ActiveCfg = Debug|x64
		{508D5B93-47DB-486C-9E05-5938BA99078B}.Debug|x64.Build.0 = Debug|x64
		{508D5B93-47DB-486C-9E05-5938BA99078B}.Debug|x86.ActiveCfg = Debug|Win32
		{508D5B93-47DB-486C-9E05-5938BA99078B}.Debug|x86.Build.0 = Debug|Win32
		{508D5B93-47DB-486C-9E05-5938BA99078B}.Release|x64.ActiveCfg = Release|x64
		{508D5B93-47DB-486C-9E05-5938BA99078B}.Release|x64.Build.0 = Release|x64
		{508D5B93-47DB-486C-9E05-5938BA99078B}.Release|x86.ActiveCfg = Release|Win32
		{508D5B93-47DB-486C-9E05-5938BA99078B}.Release|x86.Build.0 = Release|Win32
		{D6276EC7-2ACA-47A3-89E6-A162802D8D15}.Debug|x64.ActiveCfg = Debug|x64
		{D6276EC7-2ACA-47A3-89E6-A162802D8D15}.Debug|x64.Build.0 = Debug|x64
		{D6276EC7-2ACA-47A3-89E6-A162802D8D15}.Debug|x86.ActiveCfg = Debug|Win32
		{D6276EC7-2ACA-47A3-89E6-A162802D8D15}.Debug|x86.Build.0 = Debug|Win32
		{D6276EC7-2ACA-47A3-89E6-A162802D8D15}.Release|x64.ActiveCfg = Release|x64
		{D6276EC7-2ACA-47A3-89E6-A162802D8D15}.Release|x64.Build.0 = Release|x64
		{D6276EC7-2ACA-47A3-89E6-A162802D8D15}.Release|x86.ActiveCfg = Release|Win32
		{D6276EC7-2ACA-47A3-89E6-A162802D8D15}.Release|x86.Build.0 = Release|Win32
		{FDD44AE9-3EF2-46CC-8FD9-24D9A84638EE}.Debug|x64.ActiveCfg = Debug|x64
		{FDD44AE9-3EF2-46CC-8FD9-24D9A84638EE}.Debug|x64.Build.0 = Debug|x64
		{FDD44AE9-3EF2-46CC-8FD9-24D9A84638EE}.Debug|x86.ActiveCfg = Debug|Win32
		{FDD44AE9-3EF2-46CC-8FD9-24D9A84638EE}.Debug|x86.Build.0 = Debug|Win32
		{FDD44AE9-3EF2-46CC-8FD9-24D9A84638EE}.Release|x64.ActiveCfg = Release|x64
		{FDD44AE9-3EF2-46CC-8FD9-24D9A84638EE}.Release|x64.Build.0 = Release|x64
		{FDD44AE9-3EF2-46CC-8FD9-24D9A84638EE}.Release|x86.ActiveCfg = Release|Win32
		{FDD44AE9-3EF2-46CC-8FD9-24D9A84638EE}.Release|x86.Build.0 = Release|Win32
	EndGlobalSection
	GlobalSection(SolutionProperties) = preSolution
		HideSolutionNode = FALSE
	EndGlobalSection
	GlobalSection(ExtensibilityGlobals) = postSolution
		SolutionGuid = {94CBB095-B821-4163-A793-D461F33DA9DA}
	EndGlobalSection
EndGlobal
